
Microsoft Visual Studio Solution File, Format Version 12.00
# Visual Studio Version 17
VisualStudioVersion = 17.8.34525.116
MinimumVisualStudioVersion = 10.0.40219.1
Project("{2150E333-8FDC-42A3-9474-1A3956D46DE8}") = "src", "src", "{0D3702B6-9CCD-4B6B-BB8A-BF5D82C56E4F}"
EndProject
Project("{2150E333-8FDC-42A3-9474-1A3956D46DE8}") = "tests", "tests", "{ED1BFE40-4C80-4F47-9914-6981C8B4AB0F}"
EndProject
Project("{FAE04EC0-301F-11D3-BF4B-00C04F79EFBC}") = "FootballDataEngine.Api", "src\FootballDataEngine.Api\FootballDataEngine.Api.csproj", "{EED60768-DB36-4514-ADE0-73C14794BFEB}"
EndProject
Global
	GlobalSection(SolutionConfigurationPlatforms) = preSolution
		Debug|Any CPU = Debug|Any CPU
		Release|Any CPU = Release|Any CPU
	EndGlobalSection
	GlobalSection(ProjectConfigurationPlatforms) = postSolution
		{EED60768-DB36-4514-ADE0-73C14794BFEB}.Debug|Any CPU.ActiveCfg = Debug|Any CPU
		{EED60768-DB36-4514-ADE0-73C14794BFEB}.Debug|Any CPU.Build.0 = Debug|Any CPU
		{EED60768-DB36-4514-ADE0-73C14794BFEB}.Release|Any CPU.ActiveCfg = Release|Any CPU
		{EED60768-DB36-4514-ADE0-73C14794BFEB}.Release|Any CPU.Build.0 = Release|Any CPU
	EndGlobalSection
	GlobalSection(SolutionProperties) = preSolution
		HideSolutionNode = FALSE
	EndGlobalSection
	GlobalSection(NestedProjects) = preSolution
		{EED60768-DB36-4514-ADE0-73C14794BFEB} = {0D3702B6-9CCD-4B6B-BB8A-BF5D82C56E4F}
	EndGlobalSection
	GlobalSection(ExtensibilityGlobals) = postSolution
		SolutionGuid = {3667C16D-3426-4E78-8711-B2C028D95DC8}
	EndGlobalSection
EndGlobal
